# @generated - this file is auto-generated by `mise lock` https://mise.jdx.dev/dev-tools/mise-lock.html

lockfile_version = 2

[[tools.node]]
version = "26.9.0"
backend = "core:node"
specifiers = ["latest"]

[tools.node.options]
compile = "false"

[tools.node."platforms.linux-x64"]
checksum = "sha256:03d9104fc4f19652e74480fed11c023d75981464b7292f21a601c3f95ce7d90d"
url = "https://nodejs.org/dist/v26.9.0/node-v26.9.0-linux-x64.tar.gz"

[tools.node."platforms.macos-arm64"]
checksum = "sha256:6f3de7ed853ee283b4bf24b6e426618f1d357401ce5815db1866eb85eb4b05d9"
url = "https://nodejs.org/dist/v26.9.0/node-v26.9.0-darwin-arm64.tar.gz"

[[tools.osv-scanner]]
version = "2.6.0"
backend = "aqua:google/osv-scanner"
specifiers = ["latest"]

[tools.osv-scanner."platforms.linux-x64"]
checksum = "sha256:ca69b3d3cd08f889a49dc0a383122f71cc528b83803671df5fd874d97485b108"
url = "https://github.com/google/osv-scanner/releases/download/v2.6.0/osv-scanner_linux_amd64"
url_api = "https://api.github.com/repos/google/osv-scanner/releases/assets/562414718"

[tools.osv-scanner."platforms.linux-x64".provenance.slsa]
url = "https://github.com/google/osv-scanner/releases/download/v2.6.0/multiple.intoto.jsonl"

[tools.osv-scanner."platforms.macos-arm64"]
checksum = "sha256:98c460dcd37de25819babd757d04542045b6243113e209edcd4d89fedb0256b4"
url = "https://github.com/google/osv-scanner/releases/download/v2.6.0/osv-scanner_darwin_arm64"
url_api = "https://api.github.com/repos/google/osv-scanner/releases/assets/562414648"

[tools.osv-scanner."platforms.macos-arm64".provenance.slsa]
url = "https://github.com/google/osv-scanner/releases/download/v2.6.0/multiple.intoto.jsonl"

[[tools.pnpm]]
version = "12.4.2"
backend = "aqua:pnpm/pnpm"
specifiers = ["latest"]

[tools.pnpm."platforms.linux-x64"]
checksum = "sha256:ce1ed690fe9c2f091d7267e1afbe9380abb08bb577e95348fda194a41147d2ec"
url = "https://github.com/pnpm/pnpm/releases/download/v12.4.2/pnpm-linux-x64.tar.gz"
url_api = "https://api.github.com/repos/pnpm/pnpm/releases/assets/565468079"
provenance = "github-attestations"

[tools.pnpm."platforms.macos-arm64"]
checksum = "sha256:5aae95a95f0a98f9372dee7d1797386011fa6571b06b82554c7c7847d201308e"
url = "https://github.com/pnpm/pnpm/releases/download/v12.4.2/pnpm-darwin-arm64.tar.gz"
url_api = "https://api.github.com/repos/pnpm/pnpm/releases/assets/565468070"
provenance = "github-attestations"
