# @generated - this file is auto-generated by `mise lock` https://mise.jdx.dev/dev-tools/mise-lock.html

lockfile_version = 2

[[tools.node]]
version = "26.8.2"
backend = "core:node"
specifiers = ["latest"]

[tools.node.options]
compile = "false"

[[tools.osv-scanner]]
version = "2.5.1"
backend = "aqua:google/osv-scanner"
specifiers = ["latest"]

[[tools.pnpm]]
version = "12.4.1"
backend = "aqua:pnpm/pnpm"
specifiers = ["latest"]
